
Microsoft Visual Studio Solution File, Format Version 12.00
# Visual Studio 2012
Project("{2150E333-8FDC-42A3-9474-1A3956D46DE8}") = "apps", "apps", "{2F8B25B1-B881-4DE5-8E7F-1563CE38FBD5}"
EndProject
Project("{2150E333-8FDC-42A3-9474-1A3956D46DE8}") = "modules", "modules", "{9F9008AE-C188-4AA3-B67A-FE21468174DD}"
EndProject
Project("{2150E333-8FDC-42A3-9474-1A3956D46DE8}") = "libs", "libs", "{7F306F8C-3966-4308-951A-7A764558ABC1}"
EndProject
Project("{2150E333-8FDC-42A3-9474-1A3956D46DE8}") = "resources", "resources", "{2698E663-DA4B-4101-896F-E6EAC3FA4940}"
	ProjectSection(SolutionItems) = preProject
		resources\PRISM.pptx = resources\PRISM.pptx
		resources\Prism4.chm = resources\Prism4.chm
		resources\Prism4APIReference-Desktop.chm = resources\Prism4APIReference-Desktop.chm
	EndProjectSection
EndProject
Project("{FAE04EC0-301F-11D3-BF4B-00C04F79EFBC}") = "WpfApplication1", "WpfApplication1\WpfApplication1.csproj", "{5BF38FA6-C1AD-4628-893C-A4F315619F01}"
EndProject
Project("{FAE04EC0-301F-11D3-BF4B-00C04F79EFBC}") = "chc.portal", "chc.portal\chc.portal.csproj", "{EBDB3436-70DA-493E-8D93-5CB083F919AF}"
EndProject
Project("{FAE04EC0-301F-11D3-BF4B-00C04F79EFBC}") = "chc.admin", "chc.admin\chc.admin.csproj", "{59E5BB80-0BAA-44D4-AB3A-7F908242EAAF}"
EndProject
Project("{2150E333-8FDC-42A3-9474-1A3956D46DE8}") = "menu", "menu", "{C61A2E0F-0D6B-436E-9BB8-EDB36E97863D}"
EndProject
Project("{FAE04EC0-301F-11D3-BF4B-00C04F79EFBC}") = "chc.mod.menu", "chc.mod.menu\chc.mod.menu.csproj", "{6A7E5FCE-588C-4608-BE6D-A95CBF495CD5}"
EndProject
Project("{FAE04EC0-301F-11D3-BF4B-00C04F79EFBC}") = "chc.mod.menu.v1", "chc.mod.menu.v1\chc.mod.menu.v1.csproj", "{C9396BC6-8FD8-4134-AFB6-D2C3DE2D8069}"
EndProject
Project("{2150E333-8FDC-42A3-9474-1A3956D46DE8}") = "test", "test", "{0E04CF11-7F7A-40C8-913C-2A220FBC4F6F}"
EndProject
Project("{2150E333-8FDC-42A3-9474-1A3956D46DE8}") = "1.infrastructure", "1.infrastructure", "{70F7AF73-3168-4263-A53C-799FEA0C2AD3}"
EndProject
Project("{FAE04EC0-301F-11D3-BF4B-00C04F79EFBC}") = "chc.mod.inf.addin", "chc.mod.inf.addin\chc.mod.inf.addin.csproj", "{086576B7-AB9F-4F92-9895-1CC6C59BCD25}"
EndProject
Project("{2150E333-8FDC-42A3-9474-1A3956D46DE8}") = "1.addin", "1.addin", "{0C8194B9-1D53-4B6A-B4E6-67DDA48FA083}"
EndProject
Project("{2150E333-8FDC-42A3-9474-1A3956D46DE8}") = "2.logging", "2.logging", "{677F17EF-4B78-4909-BEF0-93F4DFE02686}"
EndProject
Project("{FAE04EC0-301F-11D3-BF4B-00C04F79EFBC}") = "chc.mod.inf.logging", "chc.mod.inf.logging\chc.mod.inf.logging.csproj", "{03679CAE-8551-49FE-87D7-CA10F1CF982F}"
EndProject
Project("{FAE04EC0-301F-11D3-BF4B-00C04F79EFBC}") = "chc.mod.inf.errorhandling", "chc.mod.inf.errorhandling\chc.mod.inf.errorhandling.csproj", "{FD350475-A241-40A3-A506-8E117BC51D09}"
EndProject
Project("{2150E333-8FDC-42A3-9474-1A3956D46DE8}") = "3.errorhandling", "3.errorhandling", "{38C5402F-92FB-444C-8165-57B69A2BA98B}"
EndProject
Project("{2150E333-8FDC-42A3-9474-1A3956D46DE8}") = "2.features", "2.features", "{3F4669A7-5163-446D-8A88-91B76623EA57}"
EndProject
Project("{2150E333-8FDC-42A3-9474-1A3956D46DE8}") = "usercontext", "usercontext", "{FE5895CD-AE4E-48EC-94A5-0575967DE105}"
EndProject
Project("{FAE04EC0-301F-11D3-BF4B-00C04F79EFBC}") = "chc.mod.usercontext", "chc.mod.usercontext\chc.mod.usercontext.csproj", "{43FAADB8-2A82-4280-BC6B-29EEB808A5AD}"
EndProject
Project("{2150E333-8FDC-42A3-9474-1A3956D46DE8}") = "patients", "patients", "{7930F91B-B89D-479D-BD3F-02438D84366A}"
EndProject
Project("{FAE04EC0-301F-11D3-BF4B-00C04F79EFBC}") = "chc.mod.patients", "chc.mod.patients\chc.mod.patients.csproj", "{CDA200E8-ED1A-463C-AD22-370DC596BAE8}"
EndProject
Project("{FAE04EC0-301F-11D3-BF4B-00C04F79EFBC}") = "chc.mod.menu.mock", "chc.mod.menu.mock\chc.mod.menu.mock.csproj", "{A91395EB-1CC9-49D5-8F0D-BCE297239497}"
EndProject
Project("{FAE04EC0-301F-11D3-BF4B-00C04F79EFBC}") = "chc.mod.menu.Tester", "chc.mod.menu.Tester\chc.mod.menu.Tester.csproj", "{09339245-A1EC-4246-A3C4-995DAFFFCB54}"
EndProject
Project("{FAE04EC0-301F-11D3-BF4B-00C04F79EFBC}") = "chc.mod.menu.v1.UnitTestProject", "chc.mod.menu.v1.UnitTestProject\chc.mod.menu.v1.UnitTestProject.csproj", "{295C8E74-6A52-4816-86DE-F023FD2DE542}"
EndProject
Project("{FAE04EC0-301F-11D3-BF4B-00C04F79EFBC}") = "chc.mod.inf.logging.mock", "chc.mod.inf.logging.mock\chc.mod.inf.logging.mock.csproj", "{78459FE6-387C-4CD3-A665-7AAAB636364F}"
EndProject
Global
	GlobalSection(SolutionConfigurationPlatforms) = preSolution
		Debug|Any CPU = Debug|Any CPU
		Release|Any CPU = Release|Any CPU
	EndGlobalSection
	GlobalSection(ProjectConfigurationPlatforms) = postSolution
		{5BF38FA6-C1AD-4628-893C-A4F315619F01}.Debug|Any CPU.ActiveCfg = Debug|Any CPU
		{5BF38FA6-C1AD-4628-893C-A4F315619F01}.Debug|Any CPU.Build.0 = Debug|Any CPU
		{5BF38FA6-C1AD-4628-893C-A4F315619F01}.Release|Any CPU.ActiveCfg = Release|Any CPU
		{5BF38FA6-C1AD-4628-893C-A4F315619F01}.Release|Any CPU.Build.0 = Release|Any CPU
		{EBDB3436-70DA-493E-8D93-5CB083F919AF}.Debug|Any CPU.ActiveCfg = Debug|Any CPU
		{EBDB3436-70DA-493E-8D93-5CB083F919AF}.Debug|Any CPU.Build.0 = Debug|Any CPU
		{EBDB3436-70DA-493E-8D93-5CB083F919AF}.Release|Any CPU.ActiveCfg = Release|Any CPU
		{EBDB3436-70DA-493E-8D93-5CB083F919AF}.Release|Any CPU.Build.0 = Release|Any CPU
		{59E5BB80-0BAA-44D4-AB3A-7F908242EAAF}.Debug|Any CPU.ActiveCfg = Debug|Any CPU
		{59E5BB80-0BAA-44D4-AB3A-7F908242EAAF}.Debug|Any CPU.Build.0 = Debug|Any CPU
		{59E5BB80-0BAA-44D4-AB3A-7F908242EAAF}.Release|Any CPU.ActiveCfg = Release|Any CPU
		{59E5BB80-0BAA-44D4-AB3A-7F908242EAAF}.Release|Any CPU.Build.0 = Release|Any CPU
		{6A7E5FCE-588C-4608-BE6D-A95CBF495CD5}.Debug|Any CPU.ActiveCfg = Debug|Any CPU
		{6A7E5FCE-588C-4608-BE6D-A95CBF495CD5}.Debug|Any CPU.Build.0 = Debug|Any CPU
		{6A7E5FCE-588C-4608-BE6D-A95CBF495CD5}.Release|Any CPU.ActiveCfg = Release|Any CPU
		{6A7E5FCE-588C-4608-BE6D-A95CBF495CD5}.Release|Any CPU.Build.0 = Release|Any CPU
		{C9396BC6-8FD8-4134-AFB6-D2C3DE2D8069}.Debug|Any CPU.ActiveCfg = Debug|Any CPU
		{C9396BC6-8FD8-4134-AFB6-D2C3DE2D8069}.Debug|Any CPU.Build.0 = Debug|Any CPU
		{C9396BC6-8FD8-4134-AFB6-D2C3DE2D8069}.Release|Any CPU.ActiveCfg = Release|Any CPU
		{C9396BC6-8FD8-4134-AFB6-D2C3DE2D8069}.Release|Any CPU.Build.0 = Release|Any CPU
		{086576B7-AB9F-4F92-9895-1CC6C59BCD25}.Debug|Any CPU.ActiveCfg = Debug|Any CPU
		{086576B7-AB9F-4F92-9895-1CC6C59BCD25}.Debug|Any CPU.Build.0 = Debug|Any CPU
		{086576B7-AB9F-4F92-9895-1CC6C59BCD25}.Release|Any CPU.ActiveCfg = Release|Any CPU
		{086576B7-AB9F-4F92-9895-1CC6C59BCD25}.Release|Any CPU.Build.0 = Release|Any CPU
		{03679CAE-8551-49FE-87D7-CA10F1CF982F}.Debug|Any CPU.ActiveCfg = Debug|Any CPU
		{03679CAE-8551-49FE-87D7-CA10F1CF982F}.Debug|Any CPU.Build.0 = Debug|Any CPU
		{03679CAE-8551-49FE-87D7-CA10F1CF982F}.Release|Any CPU.ActiveCfg = Release|Any CPU
		{03679CAE-8551-49FE-87D7-CA10F1CF982F}.Release|Any CPU.Build.0 = Release|Any CPU
		{FD350475-A241-40A3-A506-8E117BC51D09}.Debug|Any CPU.ActiveCfg = Debug|Any CPU
		{FD350475-A241-40A3-A506-8E117BC51D09}.Debug|Any CPU.Build.0 = Debug|Any CPU
		{FD350475-A241-40A3-A506-8E117BC51D09}.Release|Any CPU.ActiveCfg = Release|Any CPU
		{FD350475-A241-40A3-A506-8E117BC51D09}.Release|Any CPU.Build.0 = Release|Any CPU
		{43FAADB8-2A82-4280-BC6B-29EEB808A5AD}.Debug|Any CPU.ActiveCfg = Debug|Any CPU
		{43FAADB8-2A82-4280-BC6B-29EEB808A5AD}.Debug|Any CPU.Build.0 = Debug|Any CPU
		{43FAADB8-2A82-4280-BC6B-29EEB808A5AD}.Release|Any CPU.ActiveCfg = Release|Any CPU
		{43FAADB8-2A82-4280-BC6B-29EEB808A5AD}.Release|Any CPU.Build.0 = Release|Any CPU
		{CDA200E8-ED1A-463C-AD22-370DC596BAE8}.Debug|Any CPU.ActiveCfg = Debug|Any CPU
		{CDA200E8-ED1A-463C-AD22-370DC596BAE8}.Debug|Any CPU.Build.0 = Debug|Any CPU
		{CDA200E8-ED1A-463C-AD22-370DC596BAE8}.Release|Any CPU.ActiveCfg = Release|Any CPU
		{CDA200E8-ED1A-463C-AD22-370DC596BAE8}.Release|Any CPU.Build.0 = Release|Any CPU
		{A91395EB-1CC9-49D5-8F0D-BCE297239497}.Debug|Any CPU.ActiveCfg = Debug|Any CPU
		{A91395EB-1CC9-49D5-8F0D-BCE297239497}.Debug|Any CPU.Build.0 = Debug|Any CPU
		{A91395EB-1CC9-49D5-8F0D-BCE297239497}.Release|Any CPU.ActiveCfg = Release|Any CPU
		{A91395EB-1CC9-49D5-8F0D-BCE297239497}.Release|Any CPU.Build.0 = Release|Any CPU
		{09339245-A1EC-4246-A3C4-995DAFFFCB54}.Debug|Any CPU.ActiveCfg = Debug|Any CPU
		{09339245-A1EC-4246-A3C4-995DAFFFCB54}.Debug|Any CPU.Build.0 = Debug|Any CPU
		{09339245-A1EC-4246-A3C4-995DAFFFCB54}.Release|Any CPU.ActiveCfg = Release|Any CPU
		{09339245-A1EC-4246-A3C4-995DAFFFCB54}.Release|Any CPU.Build.0 = Release|Any CPU
		{295C8E74-6A52-4816-86DE-F023FD2DE542}.Debug|Any CPU.ActiveCfg = Debug|Any CPU
		{295C8E74-6A52-4816-86DE-F023FD2DE542}.Debug|Any CPU.Build.0 = Debug|Any CPU
		{295C8E74-6A52-4816-86DE-F023FD2DE542}.Release|Any CPU.ActiveCfg = Release|Any CPU
		{295C8E74-6A52-4816-86DE-F023FD2DE542}.Release|Any CPU.Build.0 = Release|Any CPU
		{78459FE6-387C-4CD3-A665-7AAAB636364F}.Debug|Any CPU.ActiveCfg = Debug|Any CPU
		{78459FE6-387C-4CD3-A665-7AAAB636364F}.Debug|Any CPU.Build.0 = Debug|Any CPU
		{78459FE6-387C-4CD3-A665-7AAAB636364F}.Release|Any CPU.ActiveCfg = Release|Any CPU
		{78459FE6-387C-4CD3-A665-7AAAB636364F}.Release|Any CPU.Build.0 = Release|Any CPU
	EndGlobalSection
	GlobalSection(SolutionProperties) = preSolution
		HideSolutionNode = FALSE
	EndGlobalSection
	GlobalSection(NestedProjects) = preSolution
		{5BF38FA6-C1AD-4628-893C-A4F315619F01} = {2F8B25B1-B881-4DE5-8E7F-1563CE38FBD5}
		{EBDB3436-70DA-493E-8D93-5CB083F919AF} = {2F8B25B1-B881-4DE5-8E7F-1563CE38FBD5}
		{59E5BB80-0BAA-44D4-AB3A-7F908242EAAF} = {2F8B25B1-B881-4DE5-8E7F-1563CE38FBD5}
		{70F7AF73-3168-4263-A53C-799FEA0C2AD3} = {9F9008AE-C188-4AA3-B67A-FE21468174DD}
		{3F4669A7-5163-446D-8A88-91B76623EA57} = {9F9008AE-C188-4AA3-B67A-FE21468174DD}
		{6A7E5FCE-588C-4608-BE6D-A95CBF495CD5} = {C61A2E0F-0D6B-436E-9BB8-EDB36E97863D}
		{C9396BC6-8FD8-4134-AFB6-D2C3DE2D8069} = {C61A2E0F-0D6B-436E-9BB8-EDB36E97863D}
		{0E04CF11-7F7A-40C8-913C-2A220FBC4F6F} = {C61A2E0F-0D6B-436E-9BB8-EDB36E97863D}
		{A91395EB-1CC9-49D5-8F0D-BCE297239497} = {C61A2E0F-0D6B-436E-9BB8-EDB36E97863D}
		{09339245-A1EC-4246-A3C4-995DAFFFCB54} = {0E04CF11-7F7A-40C8-913C-2A220FBC4F6F}
		{295C8E74-6A52-4816-86DE-F023FD2DE542} = {0E04CF11-7F7A-40C8-913C-2A220FBC4F6F}
		{0C8194B9-1D53-4B6A-B4E6-67DDA48FA083} = {70F7AF73-3168-4263-A53C-799FEA0C2AD3}
		{677F17EF-4B78-4909-BEF0-93F4DFE02686} = {70F7AF73-3168-4263-A53C-799FEA0C2AD3}
		{38C5402F-92FB-444C-8165-57B69A2BA98B} = {70F7AF73-3168-4263-A53C-799FEA0C2AD3}
		{086576B7-AB9F-4F92-9895-1CC6C59BCD25} = {0C8194B9-1D53-4B6A-B4E6-67DDA48FA083}
		{03679CAE-8551-49FE-87D7-CA10F1CF982F} = {677F17EF-4B78-4909-BEF0-93F4DFE02686}
		{78459FE6-387C-4CD3-A665-7AAAB636364F} = {677F17EF-4B78-4909-BEF0-93F4DFE02686}
		{FD350475-A241-40A3-A506-8E117BC51D09} = {38C5402F-92FB-444C-8165-57B69A2BA98B}
		{C61A2E0F-0D6B-436E-9BB8-EDB36E97863D} = {3F4669A7-5163-446D-8A88-91B76623EA57}
		{FE5895CD-AE4E-48EC-94A5-0575967DE105} = {3F4669A7-5163-446D-8A88-91B76623EA57}
		{7930F91B-B89D-479D-BD3F-02438D84366A} = {3F4669A7-5163-446D-8A88-91B76623EA57}
		{43FAADB8-2A82-4280-BC6B-29EEB808A5AD} = {FE5895CD-AE4E-48EC-94A5-0575967DE105}
		{CDA200E8-ED1A-463C-AD22-370DC596BAE8} = {7930F91B-B89D-479D-BD3F-02438D84366A}
	EndGlobalSection
	GlobalSection(ExtensibilityGlobals) = postSolution
		EnterpriseLibraryConfigurationToolBinariesPath = packages\Unity.2.1.505.2\lib\NET35
	EndGlobalSection
EndGlobal
